// !$*UTF8*$!
{
	archiveVersion = 1;
	classes = {
	};
	objectVersion = 77;
	objects = {

/* Begin PBXBuildFile section */
		327859C02DB07E3F00B217D9 /* Preview Assets.xcassets in Resources */ = {isa = PBXBuildFile; fileRef = 327859A42DB07E3F00B217D9 /* Preview Assets.xcassets */; };
		327859C12DB07E3F00B217D9 /* Assets.xcassets in Resources */ = {isa = PBXBuildFile; fileRef = 327859BD2DB07E3F00B217D9 /* Assets.xcassets */; };
		327859C22DB07E3F00B217D9 /* Coordinates.swift in Sources */ = {isa = PBXBuildFile; fileRef = 327859A62DB07E3F00B217D9 /* Coordinates.swift */; };
		327859C32DB07E3F00B217D9 /* Location.swift in Sources */ = {isa = PBXBuildFile; fileRef = 327859A72DB07E3F00B217D9 /* Location.swift */; };
		327859C42DB07E3F00B217D9 /* Name.swift in Sources */ = {isa = PBXBuildFile; fileRef = 327859A82DB07E3F00B217D9 /* Name.swift */; };
		327859C52DB07E3F00B217D9 /* Picture.swift in Sources */ = {isa = PBXBuildFile; fileRef = 327859A92DB07E3F00B217D9 /* Picture.swift */; };
		327859C62DB07E3F00B217D9 /* Profile.swift in Sources */ = {isa = PBXBuildFile; fileRef = 327859AA2DB07E3F00B217D9 /* Profile.swift */; };
		327859C72DB07E3F00B217D9 /* ServiceResponse.swift in Sources */ = {isa = PBXBuildFile; fileRef = 327859AB2DB07E3F00B217D9 /* ServiceResponse.swift */; };
		327859C82DB07E3F00B217D9 /* Street.swift in Sources */ = {isa = PBXBuildFile; fileRef = 327859AC2DB07E3F00B217D9 /* Street.swift */; };
		327859C92DB07E3F00B217D9 /* ProfileService.swift in Sources */ = {isa = PBXBuildFile; fileRef = 327859AE2DB07E3F00B217D9 /* ProfileService.swift */; };
		327859CA2DB07E3F00B217D9 /* ProfileViewModel.swift in Sources */ = {isa = PBXBuildFile; fileRef = 327859B02DB07E3F00B217D9 /* ProfileViewModel.swift */; };
		327859CB2DB07E3F00B217D9 /* AdressView.swift in Sources */ = {isa = PBXBuildFile; fileRef = 327859B22DB07E3F00B217D9 /* AdressView.swift */; };
		327859CC2DB07E3F00B217D9 /* ContactView.swift in Sources */ = {isa = PBXBuildFile; fileRef = 327859B32DB07E3F00B217D9 /* ContactView.swift */; };
		327859CD2DB07E3F00B217D9 /* ErrorView.swift in Sources */ = {isa = PBXBuildFile; fileRef = 327859B42DB07E3F00B217D9 /* ErrorView.swift */; };
		327859CE2DB07E3F00B217D9 /* FullNameView.swift in Sources */ = {isa = PBXBuildFile; fileRef = 327859B52DB07E3F00B217D9 /* FullNameView.swift */; };
		327859CF2DB07E3F00B217D9 /* HeaderProfileView.swift in Sources */ = {isa = PBXBuildFile; fileRef = 327859B62DB07E3F00B217D9 /* HeaderProfileView.swift */; };
		327859D02DB07E3F00B217D9 /* MapView.swift in Sources */ = {isa = PBXBuildFile; fileRef = 327859B72DB07E3F00B217D9 /* MapView.swift */; };
		327859D12DB07E3F00B217D9 /* ProfilePictureView.swift in Sources */ = {isa = PBXBuildFile; fileRef = 327859B82DB07E3F00B217D9 /* ProfilePictureView.swift */; };
		327859D22DB07E3F00B217D9 /* ProfileView.swift in Sources */ = {isa = PBXBuildFile; fileRef = 327859BA2DB07E3F00B217D9 /* ProfileView.swift */; };
		327859D32DB07E3F00B217D9 /* ProfilesApp.swift in Sources */ = {isa = PBXBuildFile; fileRef = 327859BE2DB07E3F00B217D9 /* ProfilesApp.swift */; };
		327859D62DB07E4C00B217D9 /* Apis.swift in Sources */ = {isa = PBXBuildFile; fileRef = 327859D52DB07E4A00B217D9 /* Apis.swift */; };
		327859D82DB0865E00B217D9 /* MockError.swift in Sources */ = {isa = PBXBuildFile; fileRef = 327859D72DB0865E00B217D9 /* MockError.swift */; };
/* End PBXBuildFile section */

/* Begin PBXFileReference section */
		327859A42DB07E3F00B217D9 /* Preview Assets.xcassets */ = {isa = PBXFileReference; lastKnownFileType = folder.assetcatalog; path = "Preview Assets.xcassets"; sourceTree = "<group>"; };
		327859A62DB07E3F00B217D9 /* Coordinates.swift */ = {isa = PBXFileReference; lastKnownFileType = sourcecode.swift; path = Coordinates.swift; sourceTree = "<group>"; };
		327859A72DB07E3F00B217D9 /* Location.swift */ = {isa = PBXFileReference; lastKnownFileType = sourcecode.swift; path = Location.swift; sourceTree = "<group>"; };
		327859A82DB07E3F00B217D9 /* Name.swift */ = {isa = PBXFileReference; lastKnownFileType = sourcecode.swift; path = Name.swift; sourceTree = "<group>"; };
		327859A92DB07E3F00B217D9 /* Picture.swift */ = {isa = PBXFileReference; lastKnownFileType = sourcecode.swift; path = Picture.swift; sourceTree = "<group>"; };
		327859AA2DB07E3F00B217D9 /* Profile.swift */ = {isa = PBXFileReference; lastKnownFileType = sourcecode.swift; path = Profile.swift; sourceTree = "<group>"; };
		327859AB2DB07E3F00B217D9 /* ServiceResponse.swift */ = {isa = PBXFileReference; lastKnownFileType = sourcecode.swift; path = ServiceResponse.swift; sourceTree = "<group>"; };
		327859AC2DB07E3F00B217D9 /* Street.swift */ = {isa = PBXFileReference; lastKnownFileType = sourcecode.swift; path = Street.swift; sourceTree = "<group>"; };
		327859AE2DB07E3F00B217D9 /* ProfileService.swift */ = {isa = PBXFileReference; lastKnownFileType = sourcecode.swift; path = ProfileService.swift; sourceTree = "<group>"; };
		327859B02DB07E3F00B217D9 /* ProfileViewModel.swift */ = {isa = PBXFileReference; lastKnownFileType = sourcecode.swift; path = ProfileViewModel.swift; sourceTree = "<group>"; };
		327859B22DB07E3F00B217D9 /* AdressView.swift */ = {isa = PBXFileReference; lastKnownFileType = sourcecode.swift; path = AdressView.swift; sourceTree = "<group>"; };
		327859B32DB07E3F00B217D9 /* ContactView.swift */ = {isa = PBXFileReference; lastKnownFileType = sourcecode.swift; path = ContactView.swift; sourceTree = "<group>"; };
		327859B42DB07E3F00B217D9 /* ErrorView.swift */ = {isa = PBXFileReference; lastKnownFileType = sourcecode.swift; path = ErrorView.swift; sourceTree = "<group>"; };
		327859B52DB07E3F00B217D9 /* FullNameView.swift */ = {isa = PBXFileReference; lastKnownFileType = sourcecode.swift; path = FullNameView.swift; sourceTree = "<group>"; };
		327859B62DB07E3F00B217D9 /* HeaderProfileView.swift */ = {isa = PBXFileReference; lastKnownFileType = sourcecode.swift; path = HeaderProfileView.swift; sourceTree = "<group>"; };
		327859B72DB07E3F00B217D9 /* MapView.swift */ = {isa = PBXFileReference; lastKnownFileType = sourcecode.swift; path = MapView.swift; sourceTree = "<group>"; };
		327859B82DB07E3F00B217D9 /* ProfilePictureView.swift */ = {isa = PBXFileReference; lastKnownFileType = sourcecode.swift; path = ProfilePictureView.swift; sourceTree = "<group>"; };
		327859BA2DB07E3F00B217D9 /* ProfileView.swift */ = {isa = PBXFileReference; lastKnownFileType = sourcecode.swift; path = ProfileView.swift; sourceTree = "<group>"; };
		327859BD2DB07E3F00B217D9 /* Assets.xcassets */ = {isa = PBXFileReference; lastKnownFileType = folder.assetcatalog; path = Assets.xcassets; sourceTree = "<group>"; };
		327859BE2DB07E3F00B217D9 /* ProfilesApp.swift */ = {isa = PBXFileReference; lastKnownFileType = sourcecode.swift; path = ProfilesApp.swift; sourceTree = "<group>"; };
		327859D52DB07E4A00B217D9 /* Apis.swift */ = {isa = PBXFileReference; lastKnownFileType = sourcecode.swift; path = Apis.swift; sourceTree = "<group>"; };
		327859D72DB0865E00B217D9 /* MockError.swift */ = {isa = PBXFileReference; lastKnownFileType = sourcecode.swift; path = MockError.swift; sourceTree = "<group>"; };
		FF4739E22CE510B10006FC2B /* Profiles.app */ = {isa = PBXFileReference; explicitFileType = wrapper.application; includeInIndex = 0; path = Profiles.app; sourceTree = BUILT_PRODUCTS_DIR; };
/* End PBXFileReference section */

/* Begin PBXFrameworksBuildPhase section */
		FF4739DF2CE510B10006FC2B /* Frameworks */ = {
			isa = PBXFrameworksBuildPhase;
			buildActionMask = 2147483647;
			files = (
			);
			runOnlyForDeploymentPostprocessing = 0;
		};
/* End PBXFrameworksBuildPhase section */

/* Begin PBXGroup section */
		327859A52DB07E3F00B217D9 /* Preview Content */ = {
			isa = PBXGroup;
			children = (
				327859A42DB07E3F00B217D9 /* Preview Assets.xcassets */,
			);
			path = "Preview Content";
			sourceTree = "<group>";
		};
		327859AD2DB07E3F00B217D9 /* Models */ = {
			isa = PBXGroup;
			children = (
				327859A62DB07E3F00B217D9 /* Coordinates.swift */,
				327859A72DB07E3F00B217D9 /* Location.swift */,
				327859A82DB07E3F00B217D9 /* Name.swift */,
				327859A92DB07E3F00B217D9 /* Picture.swift */,
				327859AA2DB07E3F00B217D9 /* Profile.swift */,
				327859AB2DB07E3F00B217D9 /* ServiceResponse.swift */,
				327859AC2DB07E3F00B217D9 /* Street.swift */,
			);
			path = Models;
			sourceTree = "<group>";
		};
		327859AF2DB07E3F00B217D9 /* Service */ = {
			isa = PBXGroup;
			children = (
				327859AE2DB07E3F00B217D9 /* ProfileService.swift */,
			);
			path = Service;
			sourceTree = "<group>";
		};
		327859B12DB07E3F00B217D9 /* ViewModel */ = {
			isa = PBXGroup;
			children = (
				327859B02DB07E3F00B217D9 /* ProfileViewModel.swift */,
			);
			path = ViewModel;
			sourceTree = "<group>";
		};
		327859B92DB07E3F00B217D9 /* Components */ = {
			isa = PBXGroup;
			children = (
				327859B22DB07E3F00B217D9 /* AdressView.swift */,
				327859B32DB07E3F00B217D9 /* ContactView.swift */,
				327859B42DB07E3F00B217D9 /* ErrorView.swift */,
				327859B52DB07E3F00B217D9 /* FullNameView.swift */,
				327859B62DB07E3F00B217D9 /* HeaderProfileView.swift */,
				327859B72DB07E3F00B217D9 /* MapView.swift */,
				327859B82DB07E3F00B217D9 /* ProfilePictureView.swift */,
			);
			path = Components;
			sourceTree = "<group>";
		};
		327859BB2DB07E3F00B217D9 /* Views */ = {
			isa = PBXGroup;
			children = (
				327859B92DB07E3F00B217D9 /* Components */,
				327859BA2DB07E3F00B217D9 /* ProfileView.swift */,
			);
			path = Views;
			sourceTree = "<group>";
		};
		327859BC2DB07E3F00B217D9 /* ProfilesApp */ = {
			isa = PBXGroup;
			children = (
				327859D42DB07E4400B217D9 /* Utils */,
				327859AD2DB07E3F00B217D9 /* Models */,
				327859AF2DB07E3F00B217D9 /* Service */,
				327859B12DB07E3F00B217D9 /* ViewModel */,
				327859BB2DB07E3F00B217D9 /* Views */,
			);
			path = ProfilesApp;
			sourceTree = "<group>";
		};
		327859BF2DB07E3F00B217D9 /* Profiles */ = {
			isa = PBXGroup;
			children = (
				327859A52DB07E3F00B217D9 /* Preview Content */,
				327859BC2DB07E3F00B217D9 /* ProfilesApp */,
				327859BD2DB07E3F00B217D9 /* Assets.xcassets */,
				327859BE2DB07E3F00B217D9 /* ProfilesApp.swift */,
			);
			path = Profiles;
			sourceTree = "<group>";
		};
		327859D42DB07E4400B217D9 /* Utils */ = {
			isa = PBXGroup;
			children = (
				327859D72DB0865E00B217D9 /* MockError.swift */,
				327859D52DB07E4A00B217D9 /* Apis.swift */,
			);
			path = Utils;
			sourceTree = "<group>";
		};
		FF4739D92CE510B10006FC2B = {
			isa = PBXGroup;
			children = (
				327859BF2DB07E3F00B217D9 /* Profiles */,
				FF4739E32CE510B10006FC2B /* Products */,
			);
			sourceTree = "<group>";
		};
		FF4739E32CE510B10006FC2B /* Products */ = {
			isa = PBXGroup;
			children = (
				FF4739E22CE510B10006FC2B /* Profiles.app */,
			);
			name = Products;
			sourceTree = "<group>";
		};
/* End PBXGroup section */

/* Begin PBXNativeTarget section */
		FF4739E12CE510B10006FC2B /* Profiles */ = {
			isa = PBXNativeTarget;
			buildConfigurationList = FF4739F02CE510B30006FC2B /* Build configuration list for PBXNativeTarget "Profiles" */;
			buildPhases = (
				FF4739DE2CE510B10006FC2B /* Sources */,
				FF4739DF2CE510B10006FC2B /* Frameworks */,
				FF4739E02CE510B10006FC2B /* Resources */,
			);
			buildRules = (
			);
			dependencies = (
			);
			name = Profiles;
			packageProductDependencies = (
			);
			productName = Profiles;
			productReference = FF4739E22CE510B10006FC2B /* Profiles.app */;
			productType = "com.apple.product-type.application";
		};
/* End PBXNativeTarget section */

/* Begin PBXProject section */
		FF4739DA2CE510B10006FC2B /* Project object */ = {
			isa = PBXProject;
			attributes = {
				BuildIndependentTargetsInParallel = 1;
				LastSwiftUpdateCheck = 1610;
				LastUpgradeCheck = 1630;
				TargetAttributes = {
					FF4739E12CE510B10006FC2B = {
						CreatedOnToolsVersion = 16.1;
					};
				};
			};
			buildConfigurationList = FF4739DD2CE510B10006FC2B /* Build configuration list for PBXProject "Profiles" */;
			developmentRegion = en;
			hasScannedForEncodings = 0;
			knownRegions = (
				en,
				Base,
			);
			mainGroup = FF4739D92CE510B10006FC2B;
			minimizedProjectReferenceProxies = 1;
			preferredProjectObjectVersion = 77;
			productRefGroup = FF4739E32CE510B10006FC2B /* Products */;
			projectDirPath = "";
			projectRoot = "";
			targets = (
				FF4739E12CE510B10006FC2B /* Profiles */,
			);
		};
/* End PBXProject section */

/* Begin PBXResourcesBuildPhase section */
		FF4739E02CE510B10006FC2B /* Resources */ = {
			isa = PBXResourcesBuildPhase;
			buildActionMask = 2147483647;
			files = (
				327859C02DB07E3F00B217D9 /* Preview Assets.xcassets in Resources */,
				327859C12DB07E3F00B217D9 /* Assets.xcassets in Resources */,
			);
			runOnlyForDeploymentPostprocessing = 0;
		};
/* End PBXResourcesBuildPhase section */

/* Begin PBXSourcesBuildPhase section */
		FF4739DE2CE510B10006FC2B /* Sources */ = {
			isa = PBXSourcesBuildPhase;
			buildActionMask = 2147483647;
			files = (
				327859C22DB07E3F00B217D9 /* Coordinates.swift in Sources */,
				327859C32DB07E3F00B217D9 /* Location.swift in Sources */,
				327859C42DB07E3F00B217D9 /* Name.swift in Sources */,
				327859C52DB07E3F00B217D9 /* Picture.swift in Sources */,
				327859C62DB07E3F00B217D9 /* Profile.swift in Sources */,
				327859C72DB07E3F00B217D9 /* ServiceResponse.swift in Sources */,
				327859D82DB0865E00B217D9 /* MockError.swift in Sources */,
				327859C82DB07E3F00B217D9 /* Street.swift in Sources */,
				327859C92DB07E3F00B217D9 /* ProfileService.swift in Sources */,
				327859CA2DB07E3F00B217D9 /* ProfileViewModel.swift in Sources */,
				327859CB2DB07E3F00B217D9 /* AdressView.swift in Sources */,
				327859CC2DB07E3F00B217D9 /* ContactView.swift in Sources */,
				327859CD2DB07E3F00B217D9 /* ErrorView.swift in Sources */,
				327859D62DB07E4C00B217D9 /* Apis.swift in Sources */,
				327859CE2DB07E3F00B217D9 /* FullNameView.swift in Sources */,
				327859CF2DB07E3F00B217D9 /* HeaderProfileView.swift in Sources */,
				327859D02DB07E3F00B217D9 /* MapView.swift in Sources */,
				327859D12DB07E3F00B217D9 /* ProfilePictureView.swift in Sources */,
				327859D22DB07E3F00B217D9 /* ProfileView.swift in Sources */,
				327859D32DB07E3F00B217D9 /* ProfilesApp.swift in Sources */,
			);
			runOnlyForDeploymentPostprocessing = 0;
		};
/* End PBXSourcesBuildPhase section */

/* Begin XCBuildConfiguration section */
		FF4739EE2CE510B30006FC2B /* Debug */ = {
			isa = XCBuildConfiguration;
			buildSettings = {
				ALWAYS_SEARCH_USER_PATHS = NO;
				ASSETCATALOG_COMPILER_GENERATE_SWIFT_ASSET_SYMBOL_EXTENSIONS = YES;
				CLANG_ANALYZER_NONNULL = YES;
				CLANG_ANALYZER_NUMBER_OBJECT_CONVERSION = YES_AGGRESSIVE;
				CLANG_CXX_LANGUAGE_STANDARD = "gnu++20";
				CLANG_ENABLE_MODULES = YES;
				CLANG_ENABLE_OBJC_ARC = YES;
				CLANG_ENABLE_OBJC_WEAK = YES;
				CLANG_WARN_BLOCK_CAPTURE_AUTORELEASING = YES;
				CLANG_WARN_BOOL_CONVERSION = YES;
				CLANG_WARN_COMMA = YES;
				CLANG_WARN_CONSTANT_CONVERSION = YES;
				CLANG_WARN_DEPRECATED_OBJC_IMPLEMENTATIONS = YES;
				CLANG_WARN_DIRECT_OBJC_ISA_USAGE = YES_ERROR;
				CLANG_WARN_DOCUMENTATION_COMMENTS = YES;
				CLANG_WARN_EMPTY_BODY = YES;
				CLANG_WARN_ENUM_CONVERSION = YES;
				CLANG_WARN_INFINITE_RECURSION = YES;
				CLANG_WARN_INT_CONVERSION = YES;
				CLANG_WARN_NON_LITERAL_NULL_CONVERSION = YES;
				CLANG_WARN_OBJC_IMPLICIT_RETAIN_SELF = YES;
				CLANG_WARN_OBJC_LITERAL_CONVERSION = YES;
				CLANG_WARN_OBJC_ROOT_CLASS = YES_ERROR;
				CLANG_WARN_QUOTED_INCLUDE_IN_FRAMEWORK_HEADER = YES;
				CLANG_WARN_RANGE_LOOP_ANALYSIS = YES;
				CLANG_WARN_STRICT_PROTOTYPES = YES;
				CLANG_WARN_SUSPICIOUS_MOVE = YES;
				CLANG_WARN_UNGUARDED_AVAILABILITY = YES_AGGRESSIVE;
				CLANG_WARN_UNREACHABLE_CODE = YES;
				CLANG_WARN__DUPLICATE_METHOD_MATCH = YES;
				COPY_PHASE_STRIP = NO;
				DEBUG_INFORMATION_FORMAT = dwarf;
				DEVELOPMENT_TEAM = D553RDKA55;
				ENABLE_STRICT_OBJC_MSGSEND = YES;
				ENABLE_TESTABILITY = YES;
				ENABLE_USER_SCRIPT_SANDBOXING = YES;
				GCC_C_LANGUAGE_STANDARD = gnu17;
				GCC_DYNAMIC_NO_PIC = NO;
				GCC_NO_COMMON_BLOCKS = YES;
				GCC_OPTIMIZATION_LEVEL = 0;
				GCC_PREPROCESSOR_DEFINITIONS = (
					"DEBUG=1",
					"$(inherited)",
				);
				GCC_WARN_64_TO_32_BIT_CONVERSION = YES;
				GCC_WARN_ABOUT_RETURN_TYPE = YES_ERROR;
				GCC_WARN_UNDECLARED_SELECTOR = YES;
				GCC_WARN_UNINITIALIZED_AUTOS = YES_AGGRESSIVE;
				GCC_WARN_UNUSED_FUNCTION = YES;
				GCC_WARN_UNUSED_VARIABLE = YES;
				IPHONEOS_DEPLOYMENT_TARGET = 18.1;
				LOCALIZATION_PREFERS_STRING_CATALOGS = YES;
				MTL_ENABLE_DEBUG_INFO = INCLUDE_SOURCE;
				MTL_FAST_MATH = YES;
				ONLY_ACTIVE_ARCH = YES;
				SDKROOT = iphoneos;
				SWIFT_ACTIVE_COMPILATION_CONDITIONS = "DEBUG $(inherited)";
				SWIFT_OPTIMIZATION_LEVEL = "-Onone";
			};
			name = Debug;
		};
		FF4739EF2CE510B30006FC2B /* Release */ = {
			isa = XCBuildConfiguration;
			buildSettings = {
				ALWAYS_SEARCH_USER_PATHS = NO;
				ASSETCATALOG_COMPILER_GENERATE_SWIFT_ASSET_SYMBOL_EXTENSIONS = YES;
				CLANG_ANALYZER_NONNULL = YES;
				CLANG_ANALYZER_NUMBER_OBJECT_CONVERSION = YES_AGGRESSIVE;
				CLANG_CXX_LANGUAGE_STANDARD = "gnu++20";
				CLANG_ENABLE_MODULES = YES;
				CLANG_ENABLE_OBJC_ARC = YES;
				CLANG_ENABLE_OBJC_WEAK = YES;
				CLANG_WARN_BLOCK_CAPTURE_AUTORELEASING = YES;
				CLANG_WARN_BOOL_CONVERSION = YES;
				CLANG_WARN_COMMA = YES;
				CLANG_WARN_CONSTANT_CONVERSION = YES;
				CLANG_WARN_DEPRECATED_OBJC_IMPLEMENTATIONS = YES;
				CLANG_WARN_DIRECT_OBJC_ISA_USAGE = YES_ERROR;
				CLANG_WARN_DOCUMENTATION_COMMENTS = YES;
				CLANG_WARN_EMPTY_BODY = YES;
				CLANG_WARN_ENUM_CONVERSION = YES;
				CLANG_WARN_INFINITE_RECURSION = YES;
				CLANG_WARN_INT_CONVERSION = YES;
				CLANG_WARN_NON_LITERAL_NULL_CONVERSION = YES;
				CLANG_WARN_OBJC_IMPLICIT_RETAIN_SELF = YES;
				CLANG_WARN_OBJC_LITERAL_CONVERSION = YES;
				CLANG_WARN_OBJC_ROOT_CLASS = YES_ERROR;
				CLANG_WARN_QUOTED_INCLUDE_IN_FRAMEWORK_HEADER = YES;
				CLANG_WARN_RANGE_LOOP_ANALYSIS = YES;
				CLANG_WARN_STRICT_PROTOTYPES = YES;
				CLANG_WARN_SUSPICIOUS_MOVE = YES;
				CLANG_WARN_UNGUARDED_AVAILABILITY = YES_AGGRESSIVE;
				CLANG_WARN_UNREACHABLE_CODE = YES;
				CLANG_WARN__DUPLICATE_METHOD_MATCH = YES;
				COPY_PHASE_STRIP = NO;
				DEBUG_INFORMATION_FORMAT = "dwarf-with-dsym";
				DEVELOPMENT_TEAM = D553RDKA55;
				ENABLE_NS_ASSERTIONS = NO;
				ENABLE_STRICT_OBJC_MSGSEND = YES;
				ENABLE_USER_SCRIPT_SANDBOXING = YES;
				GCC_C_LANGUAGE_STANDARD = gnu17;
				GCC_NO_COMMON_BLOCKS = YES;
				GCC_WARN_64_TO_32_BIT_CONVERSION = YES;
				GCC_WARN_ABOUT_RETURN_TYPE = YES_ERROR;
				GCC_WARN_UNDECLARED_SELECTOR = YES;
				GCC_WARN_UNINITIALIZED_AUTOS = YES_AGGRESSIVE;
				GCC_WARN_UNUSED_FUNCTION = YES;
				GCC_WARN_UNUSED_VARIABLE = YES;
				IPHONEOS_DEPLOYMENT_TARGET = 18.1;
				LOCALIZATION_PREFERS_STRING_CATALOGS = YES;
				MTL_ENABLE_DEBUG_INFO = NO;
				MTL_FAST_MATH = YES;
				SDKROOT = iphoneos;
				SWIFT_COMPILATION_MODE = wholemodule;
				VALIDATE_PRODUCT = YES;
			};
			name = Release;
		};
		FF4739F12CE510B30006FC2B /* Debug */ = {
			isa = XCBuildConfiguration;
			buildSettings = {
				ASSETCATALOG_COMPILER_APPICON_NAME = AppIcon;
				ASSETCATALOG_COMPILER_GLOBAL_ACCENT_COLOR_NAME = AccentColor;
				CODE_SIGN_STYLE = Automatic;
				CURRENT_PROJECT_VERSION = 1;
				DEVELOPMENT_ASSET_PATHS = "\"Profiles/Preview Content\"";
				DEVELOPMENT_TEAM = CSPN74FD9Y;
				ENABLE_PREVIEWS = YES;
				GENERATE_INFOPLIST_FILE = YES;
				INFOPLIST_KEY_UIApplicationSceneManifest_Generation = YES;
				INFOPLIST_KEY_UIApplicationSupportsIndirectInputEvents = YES;
				INFOPLIST_KEY_UILaunchScreen_Generation = YES;
				INFOPLIST_KEY_UISupportedInterfaceOrientations_iPad = "UIInterfaceOrientationPortrait UIInterfaceOrientationPortraitUpsideDown UIInterfaceOrientationLandscapeLeft UIInterfaceOrientationLandscapeRight";
				INFOPLIST_KEY_UISupportedInterfaceOrientations_iPhone = "UIInterfaceOrientationPortrait UIInterfaceOrientationLandscapeLeft UIInterfaceOrientationLandscapeRight";
				LD_RUNPATH_SEARCH_PATHS = (
					"$(inherited)",
					"@executable_path/Frameworks",
				);
				MARKETING_VERSION = 1.0;
				PRODUCT_BUNDLE_IDENTIFIER = com.manu.Profiles;
				PRODUCT_NAME = "$(TARGET_NAME)";
				SWIFT_EMIT_LOC_STRINGS = YES;
				SWIFT_VERSION = 5.0;
				TARGETED_DEVICE_FAMILY = "1,2";
			};
			name = Debug;
		};
		FF4739F22CE510B30006FC2B /* Release */ = {
			isa = XCBuildConfiguration;
			buildSettings = {
				ASSETCATALOG_COMPILER_APPICON_NAME = AppIcon;
				ASSETCATALOG_COMPILER_GLOBAL_ACCENT_COLOR_NAME = AccentColor;
				CODE_SIGN_STYLE = Automatic;
				CURRENT_PROJECT_VERSION = 1;
				DEVELOPMENT_ASSET_PATHS = "\"Profiles/Preview Content\"";
				DEVELOPMENT_TEAM = CSPN74FD9Y;
				ENABLE_PREVIEWS = YES;
				GENERATE_INFOPLIST_FILE = YES;
				INFOPLIST_KEY_UIApplicationSceneManifest_Generation = YES;
				INFOPLIST_KEY_UIApplicationSupportsIndirectInputEvents = YES;
				INFOPLIST_KEY_UILaunchScreen_Generation = YES;
				INFOPLIST_KEY_UISupportedInterfaceOrientations_iPad = "UIInterfaceOrientationPortrait UIInterfaceOrientationPortraitUpsideDown UIInterfaceOrientationLandscapeLeft UIInterfaceOrientationLandscapeRight";
				INFOPLIST_KEY_UISupportedInterfaceOrientations_iPhone = "UIInterfaceOrientationPortrait UIInterfaceOrientationLandscapeLeft UIInterfaceOrientationLandscapeRight";
				LD_RUNPATH_SEARCH_PATHS = (
					"$(inherited)",
					"@executable_path/Frameworks",
				);
				MARKETING_VERSION = 1.0;
				PRODUCT_BUNDLE_IDENTIFIER = com.manu.Profiles;
				PRODUCT_NAME = "$(TARGET_NAME)";
				SWIFT_EMIT_LOC_STRINGS = YES;
				SWIFT_VERSION = 5.0;
				TARGETED_DEVICE_FAMILY = "1,2";
			};
			name = Release;
		};
/* End XCBuildConfiguration section */

/* Begin XCConfigurationList section */
		FF4739DD2CE510B10006FC2B /* Build configuration list for PBXProject "Profiles" */ = {
			isa = XCConfigurationList;
			buildConfigurations = (
				FF4739EE2CE510B30006FC2B /* Debug */,
				FF4739EF2CE510B30006FC2B /* Release */,
			);
			defaultConfigurationIsVisible = 0;
			defaultConfigurationName = Release;
		};
		FF4739F02CE510B30006FC2B /* Build configuration list for PBXNativeTarget "Profiles" */ = {
			isa = XCConfigurationList;
			buildConfigurations = (
				FF4739F12CE510B30006FC2B /* Debug */,
				FF4739F22CE510B30006FC2B /* Release */,
			);
			defaultConfigurationIsVisible = 0;
			defaultConfigurationName = Release;
		};
/* End XCConfigurationList section */
	};
	rootObject = FF4739DA2CE510B10006FC2B /* Project object */;
}
